
Microsoft Visual Studio Solution File, Format Version 12.00
# Visual Studio Version 16
VisualStudioVersion = 16.0.31702.278
MinimumVisualStudioVersion = 10.0.40219.1
Project("{FAE04EC0-301F-11D3-BF4B-00C04F79EFBC}") = "ConsolePrueba", "ConsolePrueba\ConsolePrueba.csproj", "{5A75C136-3D92-430B-AE25-DDE1348E4F18}"
EndProject
Global
	GlobalSection(SolutionConfigurationPlatforms) = preSolution
		Debug|Any CPU = Debug|Any CPU
		Release|Any CPU = Release|Any CPU
	EndGlobalSection
	GlobalSection(ProjectConfigurationPlatforms) = postSolution
		{5A75C136-3D92-430B-AE25-DDE1348E4F18}.Debug|Any CPU.ActiveCfg = Debug|Any CPU
		{5A75C136-3D92-430B-AE25-DDE1348E4F18}.Debug|Any CPU.Build.0 = Debug|Any CPU
		{5A75C136-3D92-430B-AE25-DDE1348E4F18}.Release|Any CPU.ActiveCfg = Release|Any CPU
		{5A75C136-3D92-430B-AE25-DDE1348E4F18}.Release|Any CPU.Build.0 = Release|Any CPU
	EndGlobalSection
	GlobalSection(SolutionProperties) = preSolution
		HideSolutionNode = FALSE
	EndGlobalSection
	GlobalSection(ExtensibilityGlobals) = postSolution
		SolutionGuid = {1A927AB1-49A8-4534-9969-915E58A36DDF}
	EndGlobalSection
EndGlobal
